
Microsoft Visual Studio Solution File, Format Version 12.00
Project("{FAE04EC0-301F-11D3-BF4B-00C04F79EFBC}") = "AsyncWorkQueue", "AsyncWorkQueue\AsyncWorkQueue.csproj", "{1D70F6B5-DB80-4CEF-98BE-8C4E6D4C10B7}"
EndProject
Project("{FAE04EC0-301F-11D3-BF4B-00C04F79EFBC}") = "Tests", "Tests\Tests.csproj", "{4D294056-05D7-4BEA-AFBF-5428B32075E6}"
EndProject
Global
	GlobalSection(SolutionConfigurationPlatforms) = preSolution
		Debug|Any CPU = Debug|Any CPU
		Release|Any CPU = Release|Any CPU
	EndGlobalSection
	GlobalSection(ProjectConfigurationPlatforms) = postSolution
		{1D70F6B5-DB80-4CEF-98BE-8C4E6D4C10B7}.Debug|Any CPU.ActiveCfg = Debug|Any CPU
		{1D70F6B5-DB80-4CEF-98BE-8C4E6D4C10B7}.Debug|Any CPU.Build.0 = Debug|Any CPU
		{1D70F6B5-DB80-4CEF-98BE-8C4E6D4C10B7}.Release|Any CPU.ActiveCfg = Release|Any CPU
		{1D70F6B5-DB80-4CEF-98BE-8C4E6D4C10B7}.Release|Any CPU.Build.0 = Release|Any CPU
		{4D294056-05D7-4BEA-AFBF-5428B32075E6}.Debug|Any CPU.ActiveCfg = Debug|Any CPU
		{4D294056-05D7-4BEA-AFBF-5428B32075E6}.Debug|Any CPU.Build.0 = Debug|Any CPU
		{4D294056-05D7-4BEA-AFBF-5428B32075E6}.Release|Any CPU.ActiveCfg = Release|Any CPU
		{4D294056-05D7-4BEA-AFBF-5428B32075E6}.Release|Any CPU.Build.0 = Release|Any CPU
	EndGlobalSection
EndGlobal
